// !$*UTF8*$!
{
	archiveVersion = 1;
	classes = {
	};
	objectVersion = 50;
	objects = {

/* Begin PBXBuildFile section */
		F18FC73026EE8D0F0090CF51 /* LocateViewController.swift in Sources */ = {isa = PBXBuildFile; fileRef = F18FC72F26EE8D0F0090CF51 /* LocateViewController.swift */; };
		F18FC73226EE8D3C0090CF51 /* NearbyViewController.swift in Sources */ = {isa = PBXBuildFile; fileRef = F18FC73126EE8D3C0090CF51 /* NearbyViewController.swift */; };
		F18FC73526EE8F460090CF51 /* LocationService.swift in Sources */ = {isa = PBXBuildFile; fileRef = F18FC73426EE8F460090CF51 /* LocationService.swift */; };
		F18FC73726EE957D0090CF51 /* Location.swift in Sources */ = {isa = PBXBuildFile; fileRef = F18FC73626EE957D0090CF51 /* Location.swift */; };
		F18FC73926EEBB960090CF51 /* LocationPopup.xib in Resources */ = {isa = PBXBuildFile; fileRef = F18FC73826EEBB960090CF51 /* LocationPopup.xib */; };
		F18FC73B26EEC9980090CF51 /* LocationPopupView.swift in Sources */ = {isa = PBXBuildFile; fileRef = F18FC73A26EEC9980090CF51 /* LocationPopupView.swift */; };
		F18FC73F26EF05480090CF51 /* LocationCellView.swift in Sources */ = {isa = PBXBuildFile; fileRef = F18FC73E26EF05480090CF51 /* LocationCellView.swift */; };
		F18FC74526EF23870090CF51 /* Amenities.swift in Sources */ = {isa = PBXBuildFile; fileRef = F18FC74426EF23870090CF51 /* Amenities.swift */; };
		F1A76D0926ED8712003DAA0D /* AppDelegate.swift in Sources */ = {isa = PBXBuildFile; fileRef = F1A76D0826ED8712003DAA0D /* AppDelegate.swift */; };
		F1A76D0B26ED8712003DAA0D /* SceneDelegate.swift in Sources */ = {isa = PBXBuildFile; fileRef = F1A76D0A26ED8712003DAA0D /* SceneDelegate.swift */; };
		F1A76D0D26ED8712003DAA0D /* ViewController.swift in Sources */ = {isa = PBXBuildFile; fileRef = F1A76D0C26ED8712003DAA0D /* ViewController.swift */; };
		F1A76D1026ED8712003DAA0D /* Main.storyboard in Resources */ = {isa = PBXBuildFile; fileRef = F1A76D0E26ED8712003DAA0D /* Main.storyboard */; };
		F1A76D1226ED8713003DAA0D /* Assets.xcassets in Resources */ = {isa = PBXBuildFile; fileRef = F1A76D1126ED8713003DAA0D /* Assets.xcassets */; };
		F1A76D1526ED8713003DAA0D /* LaunchScreen.storyboard in Resources */ = {isa = PBXBuildFile; fileRef = F1A76D1326ED8713003DAA0D /* LaunchScreen.storyboard */; };
/* End PBXBuildFile section */

/* Begin PBXFileReference section */
		F18FC72F26EE8D0F0090CF51 /* LocateViewController.swift */ = {isa = PBXFileReference; lastKnownFileType = sourcecode.swift; path = LocateViewController.swift; sourceTree = "<group>"; };
		F18FC73126EE8D3C0090CF51 /* NearbyViewController.swift */ = {isa = PBXFileReference; lastKnownFileType = sourcecode.swift; path = NearbyViewController.swift; sourceTree = "<group>"; };
		F18FC73426EE8F460090CF51 /* LocationService.swift */ = {isa = PBXFileReference; lastKnownFileType = sourcecode.swift; path = LocationService.swift; sourceTree = "<group>"; };
		F18FC73626EE957D0090CF51 /* Location.swift */ = {isa = PBXFileReference; lastKnownFileType = sourcecode.swift; path = Location.swift; sourceTree = "<group>"; };
		F18FC73826EEBB960090CF51 /* LocationPopup.xib */ = {isa = PBXFileReference; lastKnownFileType = file.xib; path = LocationPopup.xib; sourceTree = "<group>"; };
		F18FC73A26EEC9980090CF51 /* LocationPopupView.swift */ = {isa = PBXFileReference; lastKnownFileType = sourcecode.swift; path = LocationPopupView.swift; sourceTree = "<group>"; };
		F18FC73E26EF05480090CF51 /* LocationCellView.swift */ = {isa = PBXFileReference; lastKnownFileType = sourcecode.swift; path = LocationCellView.swift; sourceTree = "<group>"; };
		F18FC74426EF23870090CF51 /* Amenities.swift */ = {isa = PBXFileReference; lastKnownFileType = sourcecode.swift; path = Amenities.swift; sourceTree = "<group>"; };
		F1A76D0526ED8712003DAA0D /* WhereAmI.app */ = {isa = PBXFileReference; explicitFileType = wrapper.application; includeInIndex = 0; path = WhereAmI.app; sourceTree = BUILT_PRODUCTS_DIR; };
		F1A76D0826ED8712003DAA0D /* AppDelegate.swift */ = {isa = PBXFileReference; lastKnownFileType = sourcecode.swift; path = AppDelegate.swift; sourceTree = "<group>"; };
		F1A76D0A26ED8712003DAA0D /* SceneDelegate.swift */ = {isa = PBXFileReference; lastKnownFileType = sourcecode.swift; path = SceneDelegate.swift; sourceTree = "<group>"; };
		F1A76D0C26ED8712003DAA0D /* ViewController.swift */ = {isa = PBXFileReference; lastKnownFileType = sourcecode.swift; path = ViewController.swift; sourceTree = "<group>"; };
		F1A76D0F26ED8712003DAA0D /* Base */ = {isa = PBXFileReference; lastKnownFileType = file.storyboard; name = Base; path = Base.lproj/Main.storyboard; sourceTree = "<group>"; };
		F1A76D1126ED8713003DAA0D /* Assets.xcassets */ = {isa = PBXFileReference; lastKnownFileType = folder.assetcatalog; path = Assets.xcassets; sourceTree = "<group>"; };
		F1A76D1426ED8713003DAA0D /* Base */ = {isa = PBXFileReference; lastKnownFileType = file.storyboard; name = Base; path = Base.lproj/LaunchScreen.storyboard; sourceTree = "<group>"; };
		F1A76D1626ED8713003DAA0D /* Info.plist */ = {isa = PBXFileReference; lastKnownFileType = text.plist.xml; path = Info.plist; sourceTree = "<group>"; };
/* End PBXFileReference section */

/* Begin PBXFrameworksBuildPhase section */
		F1A76D0226ED8712003DAA0D /* Frameworks */ = {
			isa = PBXFrameworksBuildPhase;
			buildActionMask = 2147483647;
			files = (
			);
			runOnlyForDeploymentPostprocessing = 0;
		};
/* End PBXFrameworksBuildPhase section */

/* Begin PBXGroup section */
		F18FC72B26EE85B00090CF51 /* Views */ = {
			isa = PBXGroup;
			children = (
				F18FC73826EEBB960090CF51 /* LocationPopup.xib */,
				F18FC73A26EEC9980090CF51 /* LocationPopupView.swift */,
				F18FC73E26EF05480090CF51 /* LocationCellView.swift */,
			);
			path = Views;
			sourceTree = "<group>";
		};
		F18FC72E26EE8BD60090CF51 /* ViewControllers */ = {
			isa = PBXGroup;
			children = (
				F18FC72F26EE8D0F0090CF51 /* LocateViewController.swift */,
				F18FC73126EE8D3C0090CF51 /* NearbyViewController.swift */,
			);
			path = ViewControllers;
			sourceTree = "<group>";
		};
		F18FC73326EE8F210090CF51 /* Services */ = {
			isa = PBXGroup;
			children = (
				F18FC73426EE8F460090CF51 /* LocationService.swift */,
			);
			path = Services;
			sourceTree = "<group>";
		};
		F18FC74626EF25130090CF51 /* Models */ = {
			isa = PBXGroup;
			children = (
				F18FC73626EE957D0090CF51 /* Location.swift */,
				F18FC74426EF23870090CF51 /* Amenities.swift */,
			);
			path = Models;
			sourceTree = "<group>";
		};
		F1A76CFC26ED8712003DAA0D = {
			isa = PBXGroup;
			children = (
				F1A76D0726ED8712003DAA0D /* WhereAmI */,
				F1A76D0626ED8712003DAA0D /* Products */,
			);
			sourceTree = "<group>";
		};
		F1A76D0626ED8712003DAA0D /* Products */ = {
			isa = PBXGroup;
			children = (
				F1A76D0526ED8712003DAA0D /* WhereAmI.app */,
			);
			name = Products;
			sourceTree = "<group>";
		};
		F1A76D0726ED8712003DAA0D /* WhereAmI */ = {
			isa = PBXGroup;
			children = (
				F1A76D0826ED8712003DAA0D /* AppDelegate.swift */,
				F1A76D0A26ED8712003DAA0D /* SceneDelegate.swift */,
				F1A76D0C26ED8712003DAA0D /* ViewController.swift */,
				F1A76D0E26ED8712003DAA0D /* Main.storyboard */,
				F18FC72B26EE85B00090CF51 /* Views */,
				F18FC72E26EE8BD60090CF51 /* ViewControllers */,
				F18FC74626EF25130090CF51 /* Models */,
				F18FC73326EE8F210090CF51 /* Services */,
				F1A76D1126ED8713003DAA0D /* Assets.xcassets */,
				F1A76D1326ED8713003DAA0D /* LaunchScreen.storyboard */,
				F1A76D1626ED8713003DAA0D /* Info.plist */,
			);
			path = WhereAmI;
			sourceTree = "<group>";
		};
/* End PBXGroup section */

/* Begin PBXNativeTarget section */
		F1A76D0426ED8712003DAA0D /* WhereAmI */ = {
			isa = PBXNativeTarget;
			buildConfigurationList = F1A76D1926ED8713003DAA0D /* Build configuration list for PBXNativeTarget "WhereAmI" */;
			buildPhases = (
				F1A76D0126ED8712003DAA0D /* Sources */,
				F1A76D0226ED8712003DAA0D /* Frameworks */,
				F1A76D0326ED8712003DAA0D /* Resources */,
			);
			buildRules = (
			);
			dependencies = (
			);
			name = WhereAmI;
			productName = WhereAmI;
			productReference = F1A76D0526ED8712003DAA0D /* WhereAmI.app */;
			productType = "com.apple.product-type.application";
		};
/* End PBXNativeTarget section */

/* Begin PBXProject section */
		F1A76CFD26ED8712003DAA0D /* Project object */ = {
			isa = PBXProject;
			attributes = {
				LastSwiftUpdateCheck = 1250;
				LastUpgradeCheck = 1250;
				TargetAttributes = {
					F1A76D0426ED8712003DAA0D = {
						CreatedOnToolsVersion = 12.5.1;
					};
				};
			};
			buildConfigurationList = F1A76D0026ED8712003DAA0D /* Build configuration list for PBXProject "WhereAmI" */;
			compatibilityVersion = "Xcode 9.3";
			developmentRegion = en;
			hasScannedForEncodings = 0;
			knownRegions = (
				en,
				Base,
			);
			mainGroup = F1A76CFC26ED8712003DAA0D;
			productRefGroup = F1A76D0626ED8712003DAA0D /* Products */;
			projectDirPath = "";
			projectRoot = "";
			targets = (
				F1A76D0426ED8712003DAA0D /* WhereAmI */,
			);
		};
/* End PBXProject section */

/* Begin PBXResourcesBuildPhase section */
		F1A76D0326ED8712003DAA0D /* Resources */ = {
			isa = PBXResourcesBuildPhase;
			buildActionMask = 2147483647;
			files = (
				F18FC73926EEBB960090CF51 /* LocationPopup.xib in Resources */,
				F1A76D1526ED8713003DAA0D /* LaunchScreen.storyboard in Resources */,
				F1A76D1226ED8713003DAA0D /* Assets.xcassets in Resources */,
				F1A76D1026ED8712003DAA0D /* Main.storyboard in Resources */,
			);
			runOnlyForDeploymentPostprocessing = 0;
		};
/* End PBXResourcesBuildPhase section */

/* Begin PBXSourcesBuildPhase section */
		F1A76D0126ED8712003DAA0D /* Sources */ = {
			isa = PBXSourcesBuildPhase;
			buildActionMask = 2147483647;
			files = (
				F18FC73026EE8D0F0090CF51 /* LocateViewController.swift in Sources */,
				F18FC73F26EF05480090CF51 /* LocationCellView.swift in Sources */,
				F18FC73B26EEC9980090CF51 /* LocationPopupView.swift in Sources */,
				F18FC74526EF23870090CF51 /* Amenities.swift in Sources */,
				F1A76D0D26ED8712003DAA0D /* ViewController.swift in Sources */,
				F18FC73226EE8D3C0090CF51 /* NearbyViewController.swift in Sources */,
				F1A76D0926ED8712003DAA0D /* AppDelegate.swift in Sources */,
				F18FC73526EE8F460090CF51 /* LocationService.swift in Sources */,
				F1A76D0B26ED8712003DAA0D /* SceneDelegate.swift in Sources */,
				F18FC73726EE957D0090CF51 /* Location.swift in Sources */,
			);
			runOnlyForDeploymentPostprocessing = 0;
		};
/* End PBXSourcesBuildPhase section */

/* Begin PBXVariantGroup section */
		F1A76D0E26ED8712003DAA0D /* Main.storyboard */ = {
			isa = PBXVariantGroup;
			children = (
				F1A76D0F26ED8712003DAA0D /* Base */,
			);
			name = Main.storyboard;
			sourceTree = "<group>";
		};
		F1A76D1326ED8713003DAA0D /* LaunchScreen.storyboard */ = {
			isa = PBXVariantGroup;
			children = (
				F1A76D1426ED8713003DAA0D /* Base */,
			);
			name = LaunchScreen.storyboard;
			sourceTree = "<group>";
		};
/* End PBXVariantGroup section */

/* Begin XCBuildConfiguration section */
		F1A76D1726ED8713003DAA0D /* Debug */ = {
			isa = XCBuildConfiguration;
			buildSettings = {
				ALWAYS_SEARCH_USER_PATHS = NO;
				CLANG_ANALYZER_NONNULL = YES;
				CLANG_ANALYZER_NUMBER_OBJECT_CONVERSION = YES_AGGRESSIVE;
				CLANG_CXX_LANGUAGE_STANDARD = "gnu++14";
				CLANG_CXX_LIBRARY = "libc++";
				CLANG_ENABLE_MODULES = YES;
				CLANG_ENABLE_OBJC_ARC = YES;
				CLANG_ENABLE_OBJC_WEAK = YES;
				CLANG_WARN_BLOCK_CAPTURE_AUTORELEASING = YES;
				CLANG_WARN_BOOL_CONVERSION = YES;
				CLANG_WARN_COMMA = YES;
				CLANG_WARN_CONSTANT_CONVERSION = YES;
				CLANG_WARN_DEPRECATED_OBJC_IMPLEMENTATIONS = YES;
				CLANG_WARN_DIRECT_OBJC_ISA_USAGE = YES_ERROR;
				CLANG_WARN_DOCUMENTATION_COMMENTS = YES;
				CLANG_WARN_EMPTY_BODY = YES;
				CLANG_WARN_ENUM_CONVERSION = YES;
				CLANG_WARN_INFINITE_RECURSION = YES;
				CLANG_WARN_INT_CONVERSION = YES;
				CLANG_WARN_NON_LITERAL_NULL_CONVERSION = YES;
				CLANG_WARN_OBJC_IMPLICIT_RETAIN_SELF = YES;
				CLANG_WARN_OBJC_LITERAL_CONVERSION = YES;
				CLANG_WARN_OBJC_ROOT_CLASS = YES_ERROR;
				CLANG_WARN_QUOTED_INCLUDE_IN_FRAMEWORK_HEADER = YES;
				CLANG_WARN_RANGE_LOOP_ANALYSIS = YES;
				CLANG_WARN_STRICT_PROTOTYPES = YES;
				CLANG_WARN_SUSPICIOUS_MOVE = YES;
				CLANG_WARN_UNGUARDED_AVAILABILITY = YES_AGGRESSIVE;
				CLANG_WARN_UNREACHABLE_CODE = YES;
				CLANG_WARN__DUPLICATE_METHOD_MATCH = YES;
				COPY_PHASE_STRIP = NO;
				DEBUG_INFORMATION_FORMAT = dwarf;
				ENABLE_STRICT_OBJC_MSGSEND = YES;
				ENABLE_TESTABILITY = YES;
				GCC_C_LANGUAGE_STANDARD = gnu11;
				GCC_DYNAMIC_NO_PIC = NO;
				GCC_NO_COMMON_BLOCKS = YES;
				GCC_OPTIMIZATION_LEVEL = 0;
				GCC_PREPROCESSOR_DEFINITIONS = (
					"DEBUG=1",
					"$(inherited)",
				);
				GCC_WARN_64_TO_32_BIT_CONVERSION = YES;
				GCC_WARN_ABOUT_RETURN_TYPE = YES_ERROR;
				GCC_WARN_UNDECLARED_SELECTOR = YES;
				GCC_WARN_UNINITIALIZED_AUTOS = YES_AGGRESSIVE;
				GCC_WARN_UNUSED_FUNCTION = YES;
				GCC_WARN_UNUSED_VARIABLE = YES;
				IPHONEOS_DEPLOYMENT_TARGET = 14.5;
				MTL_ENABLE_DEBUG_INFO = INCLUDE_SOURCE;
				MTL_FAST_MATH = YES;
				ONLY_ACTIVE_ARCH = YES;
				SDKROOT = iphoneos;
				SWIFT_ACTIVE_COMPILATION_CONDITIONS = DEBUG;
				SWIFT_OPTIMIZATION_LEVEL = "-Onone";
			};
			name = Debug;
		};
		F1A76D1826ED8713003DAA0D /* Release */ = {
			isa = XCBuildConfiguration;
			buildSettings = {
				ALWAYS_SEARCH_USER_PATHS = NO;
				CLANG_ANALYZER_NONNULL = YES;
				CLANG_ANALYZER_NUMBER_OBJECT_CONVERSION = YES_AGGRESSIVE;
				CLANG_CXX_LANGUAGE_STANDARD = "gnu++14";
				CLANG_CXX_LIBRARY = "libc++";
				CLANG_ENABLE_MODULES = YES;
				CLANG_ENABLE_OBJC_ARC = YES;
				CLANG_ENABLE_OBJC_WEAK = YES;
				CLANG_WARN_BLOCK_CAPTURE_AUTORELEASING = YES;
				CLANG_WARN_BOOL_CONVERSION = YES;
				CLANG_WARN_COMMA = YES;
				CLANG_WARN_CONSTANT_CONVERSION = YES;
				CLANG_WARN_DEPRECATED_OBJC_IMPLEMENTATIONS = YES;
				CLANG_WARN_DIRECT_OBJC_ISA_USAGE = YES_ERROR;
				CLANG_WARN_DOCUMENTATION_COMMENTS = YES;
				CLANG_WARN_EMPTY_BODY = YES;
				CLANG_WARN_ENUM_CONVERSION = YES;
				CLANG_WARN_INFINITE_RECURSION = YES;
				CLANG_WARN_INT_CONVERSION = YES;
				CLANG_WARN_NON_LITERAL_NULL_CONVERSION = YES;
				CLANG_WARN_OBJC_IMPLICIT_RETAIN_SELF = YES;
				CLANG_WARN_OBJC_LITERAL_CONVERSION = YES;
				CLANG_WARN_OBJC_ROOT_CLASS = YES_ERROR;
				CLANG_WARN_QUOTED_INCLUDE_IN_FRAMEWORK_HEADER = YES;
				CLANG_WARN_RANGE_LOOP_ANALYSIS = YES;
				CLANG_WARN_STRICT_PROTOTYPES = YES;
				CLANG_WARN_SUSPICIOUS_MOVE = YES;
				CLANG_WARN_UNGUARDED_AVAILABILITY = YES_AGGRESSIVE;
				CLANG_WARN_UNREACHABLE_CODE = YES;
				CLANG_WARN__DUPLICATE_METHOD_MATCH = YES;
				COPY_PHASE_STRIP = NO;
				DEBUG_INFORMATION_FORMAT = "dwarf-with-dsym";
				ENABLE_NS_ASSERTIONS = NO;
				ENABLE_STRICT_OBJC_MSGSEND = YES;
				GCC_C_LANGUAGE_STANDARD = gnu11;
				GCC_NO_COMMON_BLOCKS = YES;
				GCC_WARN_64_TO_32_BIT_CONVERSION = YES;
				GCC_WARN_ABOUT_RETURN_TYPE = YES_ERROR;
				GCC_WARN_UNDECLARED_SELECTOR = YES;
				GCC_WARN_UNINITIALIZED_AUTOS = YES_AGGRESSIVE;
				GCC_WARN_UNUSED_FUNCTION = YES;
				GCC_WARN_UNUSED_VARIABLE = YES;
				IPHONEOS_DEPLOYMENT_TARGET = 14.5;
				MTL_ENABLE_DEBUG_INFO = NO;
				MTL_FAST_MATH = YES;
				SDKROOT = iphoneos;
				SWIFT_COMPILATION_MODE = wholemodule;
				SWIFT_OPTIMIZATION_LEVEL = "-O";
				VALIDATE_PRODUCT = YES;
			};
			name = Release;
		};
		F1A76D1A26ED8713003DAA0D /* Debug */ = {
			isa = XCBuildConfiguration;
			buildSettings = {
				ASSETCATALOG_COMPILER_APPICON_NAME = AppIcon;
				ASSETCATALOG_COMPILER_GLOBAL_ACCENT_COLOR_NAME = AccentColor;
				CODE_SIGN_STYLE = Automatic;
				DEVELOPMENT_TEAM = JE57NZG858;
				INFOPLIST_FILE = WhereAmI/Info.plist;
				LD_RUNPATH_SEARCH_PATHS = (
					"$(inherited)",
					"@executable_path/Frameworks",
				);
				MARKETING_VERSION = 0.1;
				PRODUCT_BUNDLE_IDENTIFIER = hannahestes.WhereAmI;
				PRODUCT_NAME = "$(TARGET_NAME)";
				SWIFT_VERSION = 5.0;
				TARGETED_DEVICE_FAMILY = "1,2";
			};
			name = Debug;
		};
		F1A76D1B26ED8713003DAA0D /* Release */ = {
			isa = XCBuildConfiguration;
			buildSettings = {
				ASSETCATALOG_COMPILER_APPICON_NAME = AppIcon;
				ASSETCATALOG_COMPILER_GLOBAL_ACCENT_COLOR_NAME = AccentColor;
				CODE_SIGN_STYLE = Automatic;
				DEVELOPMENT_TEAM = JE57NZG858;
				INFOPLIST_FILE = WhereAmI/Info.plist;
				LD_RUNPATH_SEARCH_PATHS = (
					"$(inherited)",
					"@executable_path/Frameworks",
				);
				MARKETING_VERSION = 0.1;
				PRODUCT_BUNDLE_IDENTIFIER = hannahestes.WhereAmI;
				PRODUCT_NAME = "$(TARGET_NAME)";
				SWIFT_VERSION = 5.0;
				TARGETED_DEVICE_FAMILY = "1,2";
			};
			name = Release;
		};
/* End XCBuildConfiguration section */

/* Begin XCConfigurationList section */
		F1A76D0026ED8712003DAA0D /* Build configuration list for PBXProject "WhereAmI" */ = {
			isa = XCConfigurationList;
			buildConfigurations = (
				F1A76D1726ED8713003DAA0D /* Debug */,
				F1A76D1826ED8713003DAA0D /* Release */,
			);
			defaultConfigurationIsVisible = 0;
			defaultConfigurationName = Release;
		};
		F1A76D1926ED8713003DAA0D /* Build configuration list for PBXNativeTarget "WhereAmI" */ = {
			isa = XCConfigurationList;
			buildConfigurations = (
				F1A76D1A26ED8713003DAA0D /* Debug */,
				F1A76D1B26ED8713003DAA0D /* Release */,
			);
			defaultConfigurationIsVisible = 0;
			defaultConfigurationName = Release;
		};
/* End XCConfigurationList section */
	};
	rootObject = F1A76CFD26ED8712003DAA0D /* Project object */;
}
